
Microsoft Visual Studio Solution File, Format Version 12.00
# Visual Studio Version 17
VisualStudioVersion = 17.11.35327.3
MinimumVisualStudioVersion = 10.0.40219.1
Project("{9A19103F-16F7-4668-BE54-9A1E7A4F7556}") = "SchoolManagament", "SchoolManagament\SchoolManagament.csproj", "{B14A068B-77DE-4F14-A68A-F6B2E80B0F7F}"
EndProject
Project("{9A19103F-16F7-4668-BE54-9A1E7A4F7556}") = "DataAccess", "DataAccess\DataAccess.csproj", "{2A192AB6-8DF2-4114-B0B5-DB8B1E6C3264}"
EndProject
Project("{FAE04EC0-301F-11D3-BF4B-00C04F79EFBC}") = "Models", "ClassLibrary1\Models.csproj", "{86DDC0FC-A30C-48EE-B229-E92731F1AE6B}"
EndProject
Global
	GlobalSection(SolutionConfigurationPlatforms) = preSolution
		Debug|Any CPU = Debug|Any CPU
		Release|Any CPU = Release|Any CPU
	EndGlobalSection
	GlobalSection(ProjectConfigurationPlatforms) = postSolution
		{B14A068B-77DE-4F14-A68A-F6B2E80B0F7F}.Debug|Any CPU.ActiveCfg = Debug|Any CPU
		{B14A068B-77DE-4F14-A68A-F6B2E80B0F7F}.Debug|Any CPU.Build.0 = Debug|Any CPU
		{B14A068B-77DE-4F14-A68A-F6B2E80B0F7F}.Release|Any CPU.ActiveCfg = Release|Any CPU
		{B14A068B-77DE-4F14-A68A-F6B2E80B0F7F}.Release|Any CPU.Build.0 = Release|Any CPU
		{2A192AB6-8DF2-4114-B0B5-DB8B1E6C3264}.Debug|Any CPU.ActiveCfg = Debug|Any CPU
		{2A192AB6-8DF2-4114-B0B5-DB8B1E6C3264}.Debug|Any CPU.Build.0 = Debug|Any CPU
		{2A192AB6-8DF2-4114-B0B5-DB8B1E6C3264}.Release|Any CPU.ActiveCfg = Release|Any CPU
		{2A192AB6-8DF2-4114-B0B5-DB8B1E6C3264}.Release|Any CPU.Build.0 = Release|Any CPU
		{86DDC0FC-A30C-48EE-B229-E92731F1AE6B}.Debug|Any CPU.ActiveCfg = Debug|Any CPU
		{86DDC0FC-A30C-48EE-B229-E92731F1AE6B}.Debug|Any CPU.Build.0 = Debug|Any CPU
		{86DDC0FC-A30C-48EE-B229-E92731F1AE6B}.Release|Any CPU.ActiveCfg = Release|Any CPU
		{86DDC0FC-A30C-48EE-B229-E92731F1AE6B}.Release|Any CPU.Build.0 = Release|Any CPU
	EndGlobalSection
	GlobalSection(SolutionProperties) = preSolution
		HideSolutionNode = FALSE
	EndGlobalSection
	GlobalSection(ExtensibilityGlobals) = postSolution
		SolutionGuid = {0D36A422-158B-41EC-9970-EF816B41371A}
	EndGlobalSection
EndGlobal
